
Microsoft Visual Studio Solution File, Format Version 12.00
# Visual Studio Version 16
VisualStudioVersion = 16.0.30320.27
MinimumVisualStudioVersion = 10.0.40219.1
Project("{FAE04EC0-301F-11D3-BF4B-00C04F79EFBC}") = "aixm-bindings-sharp", "aixm-bindings-sharp\aixm-bindings-sharp.csproj", "{3EAB031C-F509-4F53-A7C3-41C2AD038C05}"
EndProject
Project("{FAE04EC0-301F-11D3-BF4B-00C04F79EFBC}") = "aixm-bindings-tests", "aixm-bindings-tests\aixm-bindings-tests.csproj", "{55411AC2-2D9B-49A4-BAEA-CD5158CFC966}"
EndProject
Global
	GlobalSection(SolutionConfigurationPlatforms) = preSolution
		Debug|Any CPU = Debug|Any CPU
		Release|Any CPU = Release|Any CPU
	EndGlobalSection
	GlobalSection(ProjectConfigurationPlatforms) = postSolution
		{3EAB031C-F509-4F53-A7C3-41C2AD038C05}.Debug|Any CPU.ActiveCfg = Debug|Any CPU
		{3EAB031C-F509-4F53-A7C3-41C2AD038C05}.Debug|Any CPU.Build.0 = Debug|Any CPU
		{3EAB031C-F509-4F53-A7C3-41C2AD038C05}.Release|Any CPU.ActiveCfg = Release|Any CPU
		{3EAB031C-F509-4F53-A7C3-41C2AD038C05}.Release|Any CPU.Build.0 = Release|Any CPU
		{55411AC2-2D9B-49A4-BAEA-CD5158CFC966}.Debug|Any CPU.ActiveCfg = Debug|Any CPU
		{55411AC2-2D9B-49A4-BAEA-CD5158CFC966}.Debug|Any CPU.Build.0 = Debug|Any CPU
		{55411AC2-2D9B-49A4-BAEA-CD5158CFC966}.Release|Any CPU.ActiveCfg = Release|Any CPU
		{55411AC2-2D9B-49A4-BAEA-CD5158CFC966}.Release|Any CPU.Build.0 = Release|Any CPU
	EndGlobalSection
	GlobalSection(SolutionProperties) = preSolution
		HideSolutionNode = FALSE
	EndGlobalSection
	GlobalSection(ExtensibilityGlobals) = postSolution
		SolutionGuid = {CDFF7ABC-3C1A-4621-9E33-B5475B8CD0D6}
	EndGlobalSection
EndGlobal
